# THIS IS AN AUTOGENERATED FILE. DO NOT EDIT THIS FILE DIRECTLY.
# yarn lockfile v1


eslint-plugin-react-hooks@^4.0.8:
  version "4.0.8"
  resolved "https://registry.yarnpkg.com/eslint-plugin-react-hooks/-/eslint-plugin-react-hooks-4.0.8.tgz#a9b1e3d57475ccd18276882eff3d6cba00da7a56"
  integrity sha512-6SSb5AiMCPd8FDJrzah+Z4F44P2CdOaK026cXFV+o/xSRzfOiV1FNFeLl2z6xm3yqWOQEZ5OfVgiec90qV2xrQ==
